
Microsoft Visual Studio Solution File, Format Version 12.00
# Visual Studio Version 16
VisualStudioVersion = 16.0.31911.196
MinimumVisualStudioVersion = 10.0.40219.1
Project("{FAE04EC0-301F-11D3-BF4B-00C04F79EFBC}") = "2.2 (Conditional Operators)", "2.2 (Conditional Operators)\2.2 (Conditional Operators).csproj", "{824698B9-8FCA-47C4-BEE0-51D8E843FC7E}"
EndProject
Global
	GlobalSection(SolutionConfigurationPlatforms) = preSolution
		Debug|Any CPU = Debug|Any CPU
		Release|Any CPU = Release|Any CPU
	EndGlobalSection
	GlobalSection(ProjectConfigurationPlatforms) = postSolution
		{824698B9-8FCA-47C4-BEE0-51D8E843FC7E}.Debug|Any CPU.ActiveCfg = Debug|Any CPU
		{824698B9-8FCA-47C4-BEE0-51D8E843FC7E}.Debug|Any CPU.Build.0 = Debug|Any CPU
		{824698B9-8FCA-47C4-BEE0-51D8E843FC7E}.Release|Any CPU.ActiveCfg = Release|Any CPU
		{824698B9-8FCA-47C4-BEE0-51D8E843FC7E}.Release|Any CPU.Build.0 = Release|Any CPU
	EndGlobalSection
	GlobalSection(SolutionProperties) = preSolution
		HideSolutionNode = FALSE
	EndGlobalSection
	GlobalSection(ExtensibilityGlobals) = postSolution
		SolutionGuid = {BE9D019C-FC69-4B71-B14C-5A10B06D6796}
	EndGlobalSection
EndGlobal
